
Microsoft Visual Studio Solution File, Format Version 12.00
# Visual Studio Version 17
VisualStudioVersion = 17.3.32929.385
MinimumVisualStudioVersion = 10.0.40219.1
Project("{9A19103F-16F7-4668-BE54-9A1E7A4F7556}") = "MeuTodo", "MeuTodo.csproj", "{DB45581F-F31C-4687-87A2-1F8E8AD0ACD8}"
EndProject
Global
	GlobalSection(SolutionConfigurationPlatforms) = preSolution
		Debug|Any CPU = Debug|Any CPU
		Release|Any CPU = Release|Any CPU
	EndGlobalSection
	GlobalSection(ProjectConfigurationPlatforms) = postSolution
		{DB45581F-F31C-4687-87A2-1F8E8AD0ACD8}.Debug|Any CPU.ActiveCfg = Debug|Any CPU
		{DB45581F-F31C-4687-87A2-1F8E8AD0ACD8}.Debug|Any CPU.Build.0 = Debug|Any CPU
		{DB45581F-F31C-4687-87A2-1F8E8AD0ACD8}.Release|Any CPU.ActiveCfg = Release|Any CPU
		{DB45581F-F31C-4687-87A2-1F8E8AD0ACD8}.Release|Any CPU.Build.0 = Release|Any CPU
	EndGlobalSection
	GlobalSection(SolutionProperties) = preSolution
		HideSolutionNode = FALSE
	EndGlobalSection
	GlobalSection(ExtensibilityGlobals) = postSolution
		SolutionGuid = {484ED6FA-3504-455F-B34D-C46DC558613C}
	EndGlobalSection
EndGlobal
